
Microsoft Visual Studio Solution File, Format Version 12.00
# Visual Studio Version 16
VisualStudioVersion = 16.0.30517.126
MinimumVisualStudioVersion = 10.0.40219.1
Project("{FAE04EC0-301F-11D3-BF4B-00C04F79EFBC}") = "AD3D_DeepEngineMod", "AD3D_DeepEngineMod\AD3D_DeepEngineMod.csproj", "{D2D8049B-BD4E-4766-A193-437C01C922D3}"
EndProject
Project("{FAE04EC0-301F-11D3-BF4B-00C04F79EFBC}") = "AD3D_TechFabricatorMod", "AD3D_TechFabricator\AD3D_TechFabricatorMod.csproj", "{B7D859A0-6313-4A80-B8A5-01733FEF76A7}"
EndProject
Project("{FAE04EC0-301F-11D3-BF4B-00C04F79EFBC}") = "AD3D_HabitatSolutionMod", "AD3D_HabitatSolution\AD3D_HabitatSolutionMod.csproj", "{7A2F205C-B114-4265-B56E-B6460755EE09}"
EndProject
Project("{FAE04EC0-301F-11D3-BF4B-00C04F79EFBC}") = "AD3D_Common", "AD3D_Common\AD3D_Common.csproj", "{1168894D-14BB-4860-BCA2-C12BB2DB256C}"
EndProject
Project("{FAE04EC0-301F-11D3-BF4B-00C04F79EFBC}") = "AD3D_LightSolutionMod", "AD3D_LightSolutionMod\AD3D_LightSolutionMod.csproj", "{CDEC77D7-F93A-41A7-8F1E-E0DFC53916E5}"
EndProject
Global
	GlobalSection(SolutionConfigurationPlatforms) = preSolution
		Debug|Any CPU = Debug|Any CPU
		Release|Any CPU = Release|Any CPU
	EndGlobalSection
	GlobalSection(ProjectConfigurationPlatforms) = postSolution
		{D2D8049B-BD4E-4766-A193-437C01C922D3}.Debug|Any CPU.ActiveCfg = Debug|Any CPU
		{D2D8049B-BD4E-4766-A193-437C01C922D3}.Debug|Any CPU.Build.0 = Debug|Any CPU
		{D2D8049B-BD4E-4766-A193-437C01C922D3}.Release|Any CPU.ActiveCfg = Release|Any CPU
		{D2D8049B-BD4E-4766-A193-437C01C922D3}.Release|Any CPU.Build.0 = Release|Any CPU
		{B7D859A0-6313-4A80-B8A5-01733FEF76A7}.Debug|Any CPU.ActiveCfg = Debug|Any CPU
		{B7D859A0-6313-4A80-B8A5-01733FEF76A7}.Debug|Any CPU.Build.0 = Debug|Any CPU
		{B7D859A0-6313-4A80-B8A5-01733FEF76A7}.Release|Any CPU.ActiveCfg = Release|Any CPU
		{B7D859A0-6313-4A80-B8A5-01733FEF76A7}.Release|Any CPU.Build.0 = Release|Any CPU
		{7A2F205C-B114-4265-B56E-B6460755EE09}.Debug|Any CPU.ActiveCfg = Debug|Any CPU
		{7A2F205C-B114-4265-B56E-B6460755EE09}.Debug|Any CPU.Build.0 = Debug|Any CPU
		{7A2F205C-B114-4265-B56E-B6460755EE09}.Release|Any CPU.ActiveCfg = Release|Any CPU
		{7A2F205C-B114-4265-B56E-B6460755EE09}.Release|Any CPU.Build.0 = Release|Any CPU
		{1168894D-14BB-4860-BCA2-C12BB2DB256C}.Debug|Any CPU.ActiveCfg = Debug|Any CPU
		{1168894D-14BB-4860-BCA2-C12BB2DB256C}.Debug|Any CPU.Build.0 = Debug|Any CPU
		{1168894D-14BB-4860-BCA2-C12BB2DB256C}.Release|Any CPU.ActiveCfg = Release|Any CPU
		{1168894D-14BB-4860-BCA2-C12BB2DB256C}.Release|Any CPU.Build.0 = Release|Any CPU
		{CDEC77D7-F93A-41A7-8F1E-E0DFC53916E5}.Debug|Any CPU.ActiveCfg = Debug|Any CPU
		{CDEC77D7-F93A-41A7-8F1E-E0DFC53916E5}.Debug|Any CPU.Build.0 = Debug|Any CPU
		{CDEC77D7-F93A-41A7-8F1E-E0DFC53916E5}.Release|Any CPU.ActiveCfg = Release|Any CPU
		{CDEC77D7-F93A-41A7-8F1E-E0DFC53916E5}.Release|Any CPU.Build.0 = Release|Any CPU
	EndGlobalSection
	GlobalSection(SolutionProperties) = preSolution
		HideSolutionNode = FALSE
	EndGlobalSection
	GlobalSection(ExtensibilityGlobals) = postSolution
		SolutionGuid = {B7596252-0CD3-4793-B59F-235B8D0B0C26}
	EndGlobalSection
EndGlobal
