
Microsoft Visual Studio Solution File, Format Version 12.00
# Visual Studio Version 17
VisualStudioVersion = 17.10.34928.147
MinimumVisualStudioVersion = 10.0.40219.1
Project("{FAE04EC0-301F-11D3-BF4B-00C04F79EFBC}") = "AD3D_Common", "AD3D_Common\AD3D_Common.csproj", "{1168894D-14BB-4860-BCA2-C12BB2DB256C}"
EndProject
Project("{2150E333-8FDC-42A3-9474-1A3956D46DE8}") = "Solution Items", "Solution Items", "{6F3FF046-7C33-42D0-81F0-F973761F2D2D}"
	ProjectSection(SolutionItems) = preProject
		BuildAndDeploy.bat = BuildAndDeploy.bat
		INFO.md = INFO.md
		README.md = README.md
	EndProjectSection
EndProject
Project("{9A19103F-16F7-4668-BE54-9A1E7A4F7556}") = "AD3D_EnergySolution.BZ", "AD3D_EnergySolution.BZ\AD3D_EnergySolution.BZ.csproj", "{E6D0A3D6-E8DD-4A60-B2D7-AD85BD0FA108}"
EndProject
Project("{9A19103F-16F7-4668-BE54-9A1E7A4F7556}") = "AD3D_StorageSolution.BZ", "AD3D_StorageSolution.BZ\AD3D_StorageSolution.BZ.csproj", "{8690B69B-9A4D-4EFC-90F9-0264772E2BA9}"
EndProject
Project("{9A19103F-16F7-4668-BE54-9A1E7A4F7556}") = "AD3D_LightSolution.BZ", "AD3D_LightSolution.BZ\AD3D_LightSolution.BZ.csproj", "{F65C5A83-002A-4156-BD3C-C9135A816617}"
EndProject
Project("{9A19103F-16F7-4668-BE54-9A1E7A4F7556}") = "AD3D_SubnauticaGitManager", "AD3D_SubnauticaGitManager\AD3D_SubnauticaGitManager.csproj", "{D600DAC6-9A2B-451A-8BAB-F3CE4CEAA2BB}"
EndProject
Project("{9A19103F-16F7-4668-BE54-9A1E7A4F7556}") = "AD3D_EnergySolution.SN", "AD3D_EnergySolution.SN\AD3D_EnergySolution.SN.csproj", "{CB32E06C-763B-4756-BD38-B0CCEA9EB3DE}"
EndProject
Project("{2150E333-8FDC-42A3-9474-1A3956D46DE8}") = "Build", "Build", "{16F367B0-6017-46B2-949A-EBF189FA7B08}"
	ProjectSection(SolutionItems) = preProject
		BZReferences.targets = BZReferences.targets
		Configurations.targets = Configurations.targets
		References.targets = References.targets
		SharedPostBuild.targets = SharedPostBuild.targets
		SubnauticaReferences.targets = SubnauticaReferences.targets
	EndProjectSection
EndProject
Project("{FAE04EC0-301F-11D3-BF4B-00C04F79EFBC}") = "AD3D_StorageSolution.SN", "AD3D_StorageSolution.SN\AD3D_StorageSolution.SN.csproj", "{B4607EB1-6540-4B67-BE3F-531807456058}"
EndProject
Project("{FAE04EC0-301F-11D3-BF4B-00C04F79EFBC}") = "AD3D_LightSolution.SN", "AD3D_LightSolution.SN\AD3D_LightSolution.SN.csproj", "{0146D355-FA58-4A31-B8C1-98E8D920E67F}"
EndProject
Global
	GlobalSection(SolutionConfigurationPlatforms) = preSolution
		BZ|Any CPU = BZ|Any CPU
		Debug|Any CPU = Debug|Any CPU
		Release|Any CPU = Release|Any CPU
		SN|Any CPU = SN|Any CPU
	EndGlobalSection
	GlobalSection(ProjectConfigurationPlatforms) = postSolution
		{1168894D-14BB-4860-BCA2-C12BB2DB256C}.BZ|Any CPU.ActiveCfg = BZ|Any CPU
		{1168894D-14BB-4860-BCA2-C12BB2DB256C}.BZ|Any CPU.Build.0 = BZ|Any CPU
		{1168894D-14BB-4860-BCA2-C12BB2DB256C}.Debug|Any CPU.ActiveCfg = BZ|Any CPU
		{1168894D-14BB-4860-BCA2-C12BB2DB256C}.Debug|Any CPU.Build.0 = BZ|Any CPU
		{1168894D-14BB-4860-BCA2-C12BB2DB256C}.Release|Any CPU.ActiveCfg = BZ|Any CPU
		{1168894D-14BB-4860-BCA2-C12BB2DB256C}.Release|Any CPU.Build.0 = BZ|Any CPU
		{1168894D-14BB-4860-BCA2-C12BB2DB256C}.SN|Any CPU.ActiveCfg = BZ|Any CPU
		{1168894D-14BB-4860-BCA2-C12BB2DB256C}.SN|Any CPU.Build.0 = BZ|Any CPU
		{E6D0A3D6-E8DD-4A60-B2D7-AD85BD0FA108}.BZ|Any CPU.ActiveCfg = BZ|Any CPU
		{E6D0A3D6-E8DD-4A60-B2D7-AD85BD0FA108}.BZ|Any CPU.Build.0 = BZ|Any CPU
		{E6D0A3D6-E8DD-4A60-B2D7-AD85BD0FA108}.Debug|Any CPU.ActiveCfg = BZ|Any CPU
		{E6D0A3D6-E8DD-4A60-B2D7-AD85BD0FA108}.Debug|Any CPU.Build.0 = BZ|Any CPU
		{E6D0A3D6-E8DD-4A60-B2D7-AD85BD0FA108}.Release|Any CPU.ActiveCfg = BZ|Any CPU
		{E6D0A3D6-E8DD-4A60-B2D7-AD85BD0FA108}.Release|Any CPU.Build.0 = BZ|Any CPU
		{E6D0A3D6-E8DD-4A60-B2D7-AD85BD0FA108}.SN|Any CPU.ActiveCfg = BZ|Any CPU
		{E6D0A3D6-E8DD-4A60-B2D7-AD85BD0FA108}.SN|Any CPU.Build.0 = BZ|Any CPU
		{8690B69B-9A4D-4EFC-90F9-0264772E2BA9}.BZ|Any CPU.ActiveCfg = BZ|Any CPU
		{8690B69B-9A4D-4EFC-90F9-0264772E2BA9}.BZ|Any CPU.Build.0 = BZ|Any CPU
		{8690B69B-9A4D-4EFC-90F9-0264772E2BA9}.Debug|Any CPU.ActiveCfg = BZ|Any CPU
		{8690B69B-9A4D-4EFC-90F9-0264772E2BA9}.Debug|Any CPU.Build.0 = BZ|Any CPU
		{8690B69B-9A4D-4EFC-90F9-0264772E2BA9}.Release|Any CPU.ActiveCfg = BZ|Any CPU
		{8690B69B-9A4D-4EFC-90F9-0264772E2BA9}.Release|Any CPU.Build.0 = BZ|Any CPU
		{8690B69B-9A4D-4EFC-90F9-0264772E2BA9}.SN|Any CPU.ActiveCfg = BZ|Any CPU
		{8690B69B-9A4D-4EFC-90F9-0264772E2BA9}.SN|Any CPU.Build.0 = BZ|Any CPU
		{F65C5A83-002A-4156-BD3C-C9135A816617}.BZ|Any CPU.ActiveCfg = BZ|Any CPU
		{F65C5A83-002A-4156-BD3C-C9135A816617}.BZ|Any CPU.Build.0 = BZ|Any CPU
		{F65C5A83-002A-4156-BD3C-C9135A816617}.Debug|Any CPU.ActiveCfg = BZ|Any CPU
		{F65C5A83-002A-4156-BD3C-C9135A816617}.Debug|Any CPU.Build.0 = BZ|Any CPU
		{F65C5A83-002A-4156-BD3C-C9135A816617}.Release|Any CPU.ActiveCfg = BZ|Any CPU
		{F65C5A83-002A-4156-BD3C-C9135A816617}.Release|Any CPU.Build.0 = BZ|Any CPU
		{F65C5A83-002A-4156-BD3C-C9135A816617}.SN|Any CPU.ActiveCfg = BZ|Any CPU
		{F65C5A83-002A-4156-BD3C-C9135A816617}.SN|Any CPU.Build.0 = BZ|Any CPU
		{D600DAC6-9A2B-451A-8BAB-F3CE4CEAA2BB}.BZ|Any CPU.ActiveCfg = BZ|Any CPU
		{D600DAC6-9A2B-451A-8BAB-F3CE4CEAA2BB}.BZ|Any CPU.Build.0 = BZ|Any CPU
		{D600DAC6-9A2B-451A-8BAB-F3CE4CEAA2BB}.Debug|Any CPU.ActiveCfg = BZ|Any CPU
		{D600DAC6-9A2B-451A-8BAB-F3CE4CEAA2BB}.Debug|Any CPU.Build.0 = BZ|Any CPU
		{D600DAC6-9A2B-451A-8BAB-F3CE4CEAA2BB}.Release|Any CPU.ActiveCfg = BZ|Any CPU
		{D600DAC6-9A2B-451A-8BAB-F3CE4CEAA2BB}.Release|Any CPU.Build.0 = BZ|Any CPU
		{D600DAC6-9A2B-451A-8BAB-F3CE4CEAA2BB}.SN|Any CPU.ActiveCfg = BZ|Any CPU
		{D600DAC6-9A2B-451A-8BAB-F3CE4CEAA2BB}.SN|Any CPU.Build.0 = BZ|Any CPU
		{CB32E06C-763B-4756-BD38-B0CCEA9EB3DE}.BZ|Any CPU.ActiveCfg = SN|Any CPU
		{CB32E06C-763B-4756-BD38-B0CCEA9EB3DE}.BZ|Any CPU.Build.0 = SN|Any CPU
		{CB32E06C-763B-4756-BD38-B0CCEA9EB3DE}.Debug|Any CPU.ActiveCfg = SN|Any CPU
		{CB32E06C-763B-4756-BD38-B0CCEA9EB3DE}.Debug|Any CPU.Build.0 = SN|Any CPU
		{CB32E06C-763B-4756-BD38-B0CCEA9EB3DE}.Release|Any CPU.ActiveCfg = SN|Any CPU
		{CB32E06C-763B-4756-BD38-B0CCEA9EB3DE}.Release|Any CPU.Build.0 = SN|Any CPU
		{CB32E06C-763B-4756-BD38-B0CCEA9EB3DE}.SN|Any CPU.ActiveCfg = SN|Any CPU
		{CB32E06C-763B-4756-BD38-B0CCEA9EB3DE}.SN|Any CPU.Build.0 = SN|Any CPU
		{B4607EB1-6540-4B67-BE3F-531807456058}.BZ|Any CPU.ActiveCfg = SN|Any CPU
		{B4607EB1-6540-4B67-BE3F-531807456058}.BZ|Any CPU.Build.0 = SN|Any CPU
		{B4607EB1-6540-4B67-BE3F-531807456058}.Debug|Any CPU.ActiveCfg = SN|Any CPU
		{B4607EB1-6540-4B67-BE3F-531807456058}.Debug|Any CPU.Build.0 = SN|Any CPU
		{B4607EB1-6540-4B67-BE3F-531807456058}.Release|Any CPU.ActiveCfg = SN|Any CPU
		{B4607EB1-6540-4B67-BE3F-531807456058}.Release|Any CPU.Build.0 = SN|Any CPU
		{B4607EB1-6540-4B67-BE3F-531807456058}.SN|Any CPU.ActiveCfg = SN|Any CPU
		{B4607EB1-6540-4B67-BE3F-531807456058}.SN|Any CPU.Build.0 = SN|Any CPU
		{0146D355-FA58-4A31-B8C1-98E8D920E67F}.BZ|Any CPU.ActiveCfg = SN|Any CPU
		{0146D355-FA58-4A31-B8C1-98E8D920E67F}.BZ|Any CPU.Build.0 = SN|Any CPU
		{0146D355-FA58-4A31-B8C1-98E8D920E67F}.Debug|Any CPU.ActiveCfg = SN|Any CPU
		{0146D355-FA58-4A31-B8C1-98E8D920E67F}.Debug|Any CPU.Build.0 = SN|Any CPU
		{0146D355-FA58-4A31-B8C1-98E8D920E67F}.Release|Any CPU.ActiveCfg = SN|Any CPU
		{0146D355-FA58-4A31-B8C1-98E8D920E67F}.Release|Any CPU.Build.0 = SN|Any CPU
		{0146D355-FA58-4A31-B8C1-98E8D920E67F}.SN|Any CPU.ActiveCfg = SN|Any CPU
		{0146D355-FA58-4A31-B8C1-98E8D920E67F}.SN|Any CPU.Build.0 = SN|Any CPU
	EndGlobalSection
	GlobalSection(SolutionProperties) = preSolution
		HideSolutionNode = FALSE
	EndGlobalSection
	GlobalSection(NestedProjects) = preSolution
		{16F367B0-6017-46B2-949A-EBF189FA7B08} = {6F3FF046-7C33-42D0-81F0-F973761F2D2D}
	EndGlobalSection
	GlobalSection(ExtensibilityGlobals) = postSolution
		SolutionGuid = {B7596252-0CD3-4793-B59F-235B8D0B0C26}
	EndGlobalSection
EndGlobal
